// !$*UTF8*$!
{
	archiveVersion = 1;
	classes = {
	};
	objectVersion = 56;
	objects = {

/* Begin PBXBuildFile section */
		484F6789299458C300A12322 /* AppDelegate.swift in Sources */ = {isa = PBXBuildFile; fileRef = 484F6788299458C300A12322 /* AppDelegate.swift */; };
		484F678D299458C300A12322 /* ViewController.swift in Sources */ = {isa = PBXBuildFile; fileRef = 484F678C299458C300A12322 /* ViewController.swift */; };
		484F6793299458C300A12322 /* PokeAPI.xcdatamodeld in Sources */ = {isa = PBXBuildFile; fileRef = 484F6791299458C300A12322 /* PokeAPI.xcdatamodeld */; };
		484F6795299458C400A12322 /* Assets.xcassets in Resources */ = {isa = PBXBuildFile; fileRef = 484F6794299458C400A12322 /* Assets.xcassets */; };
		484F6798299458C400A12322 /* LaunchScreen.storyboard in Resources */ = {isa = PBXBuildFile; fileRef = 484F6796299458C400A12322 /* LaunchScreen.storyboard */; };
		484F67AA2994650F00A12322 /* Rajdhani-Regular.ttf in Resources */ = {isa = PBXBuildFile; fileRef = 484F67A42994650E00A12322 /* Rajdhani-Regular.ttf */; };
		484F67AB2994650F00A12322 /* Rajdhani-SemiBold.ttf in Resources */ = {isa = PBXBuildFile; fileRef = 484F67A52994650E00A12322 /* Rajdhani-SemiBold.ttf */; };
		484F67AC2994650F00A12322 /* Rajdhani-Light.ttf in Resources */ = {isa = PBXBuildFile; fileRef = 484F67A62994650E00A12322 /* Rajdhani-Light.ttf */; };
		484F67AD2994650F00A12322 /* Rajdhani-Bold.ttf in Resources */ = {isa = PBXBuildFile; fileRef = 484F67A72994650E00A12322 /* Rajdhani-Bold.ttf */; };
		484F67AE2994650F00A12322 /* Rajdhani-Medium.ttf in Resources */ = {isa = PBXBuildFile; fileRef = 484F67A82994650E00A12322 /* Rajdhani-Medium.ttf */; };
		484F67AF2994650F00A12322 /* OFL.txt in Resources */ = {isa = PBXBuildFile; fileRef = 484F67A92994650F00A12322 /* OFL.txt */; };
/* End PBXBuildFile section */

/* Begin PBXFileReference section */
		484F6785299458C300A12322 /* PokeAPI.app */ = {isa = PBXFileReference; explicitFileType = wrapper.application; includeInIndex = 0; path = PokeAPI.app; sourceTree = BUILT_PRODUCTS_DIR; };
		484F6788299458C300A12322 /* AppDelegate.swift */ = {isa = PBXFileReference; lastKnownFileType = sourcecode.swift; path = AppDelegate.swift; sourceTree = "<group>"; };
		484F678C299458C300A12322 /* ViewController.swift */ = {isa = PBXFileReference; lastKnownFileType = sourcecode.swift; path = ViewController.swift; sourceTree = "<group>"; };
		484F6792299458C300A12322 /* PokeAPI.xcdatamodel */ = {isa = PBXFileReference; lastKnownFileType = wrapper.xcdatamodel; path = PokeAPI.xcdatamodel; sourceTree = "<group>"; };
		484F6794299458C400A12322 /* Assets.xcassets */ = {isa = PBXFileReference; lastKnownFileType = folder.assetcatalog; path = Assets.xcassets; sourceTree = "<group>"; };
		484F6797299458C400A12322 /* Base */ = {isa = PBXFileReference; lastKnownFileType = file.storyboard; name = Base; path = Base.lproj/LaunchScreen.storyboard; sourceTree = "<group>"; };
		484F6799299458C400A12322 /* Info.plist */ = {isa = PBXFileReference; lastKnownFileType = text.plist.xml; path = Info.plist; sourceTree = "<group>"; };
		484F67A42994650E00A12322 /* Rajdhani-Regular.ttf */ = {isa = PBXFileReference; lastKnownFileType = file; path = "Rajdhani-Regular.ttf"; sourceTree = "<group>"; };
		484F67A52994650E00A12322 /* Rajdhani-SemiBold.ttf */ = {isa = PBXFileReference; lastKnownFileType = file; path = "Rajdhani-SemiBold.ttf"; sourceTree = "<group>"; };
		484F67A62994650E00A12322 /* Rajdhani-Light.ttf */ = {isa = PBXFileReference; lastKnownFileType = file; path = "Rajdhani-Light.ttf"; sourceTree = "<group>"; };
		484F67A72994650E00A12322 /* Rajdhani-Bold.ttf */ = {isa = PBXFileReference; lastKnownFileType = file; path = "Rajdhani-Bold.ttf"; sourceTree = "<group>"; };
		484F67A82994650E00A12322 /* Rajdhani-Medium.ttf */ = {isa = PBXFileReference; lastKnownFileType = file; path = "Rajdhani-Medium.ttf"; sourceTree = "<group>"; };
		484F67A92994650F00A12322 /* OFL.txt */ = {isa = PBXFileReference; fileEncoding = 4; lastKnownFileType = text; path = OFL.txt; sourceTree = "<group>"; };
/* End PBXFileReference section */

/* Begin PBXFrameworksBuildPhase section */
		484F6782299458C300A12322 /* Frameworks */ = {
			isa = PBXFrameworksBuildPhase;
			buildActionMask = 2147483647;
			files = (
			);
			runOnlyForDeploymentPostprocessing = 0;
		};
/* End PBXFrameworksBuildPhase section */

/* Begin PBXGroup section */
		484F677C299458C200A12322 = {
			isa = PBXGroup;
			children = (
				484F6787299458C300A12322 /* PokeAPI */,
				484F6786299458C300A12322 /* Products */,
			);
			sourceTree = "<group>";
		};
		484F6786299458C300A12322 /* Products */ = {
			isa = PBXGroup;
			children = (
				484F6785299458C300A12322 /* PokeAPI.app */,
			);
			name = Products;
			sourceTree = "<group>";
		};
		484F6787299458C300A12322 /* PokeAPI */ = {
			isa = PBXGroup;
			children = (
				484F67A129945CD900A12322 /* Controller */,
				484F67A029945CD200A12322 /* Model */,
				484F679F29945C8D00A12322 /* View */,
				484F6788299458C300A12322 /* AppDelegate.swift */,
				484F6799299458C400A12322 /* Info.plist */,
				484F6791299458C300A12322 /* PokeAPI.xcdatamodeld */,
			);
			path = PokeAPI;
			sourceTree = "<group>";
		};
		484F679F29945C8D00A12322 /* View */ = {
			isa = PBXGroup;
			children = (
				484F67A229945CF600A12322 /* Commons */,
				484F6796299458C400A12322 /* LaunchScreen.storyboard */,
			);
			path = View;
			sourceTree = "<group>";
		};
		484F67A029945CD200A12322 /* Model */ = {
			isa = PBXGroup;
			children = (
			);
			path = Model;
			sourceTree = "<group>";
		};
		484F67A129945CD900A12322 /* Controller */ = {
			isa = PBXGroup;
			children = (
				484F678C299458C300A12322 /* ViewController.swift */,
			);
			path = Controller;
			sourceTree = "<group>";
		};
		484F67A229945CF600A12322 /* Commons */ = {
			isa = PBXGroup;
			children = (
				484F67A92994650F00A12322 /* OFL.txt */,
				484F67A72994650E00A12322 /* Rajdhani-Bold.ttf */,
				484F67A62994650E00A12322 /* Rajdhani-Light.ttf */,
				484F67A82994650E00A12322 /* Rajdhani-Medium.ttf */,
				484F67A42994650E00A12322 /* Rajdhani-Regular.ttf */,
				484F67A52994650E00A12322 /* Rajdhani-SemiBold.ttf */,
				484F6794299458C400A12322 /* Assets.xcassets */,
			);
			path = Commons;
			sourceTree = "<group>";
		};
/* End PBXGroup section */

/* Begin PBXNativeTarget section */
		484F6784299458C300A12322 /* PokeAPI */ = {
			isa = PBXNativeTarget;
			buildConfigurationList = 484F679C299458C400A12322 /* Build configuration list for PBXNativeTarget "PokeAPI" */;
			buildPhases = (
				484F6781299458C300A12322 /* Sources */,
				484F6782299458C300A12322 /* Frameworks */,
				484F6783299458C300A12322 /* Resources */,
			);
			buildRules = (
			);
			dependencies = (
			);
			name = PokeAPI;
			productName = PokeAPI;
			productReference = 484F6785299458C300A12322 /* PokeAPI.app */;
			productType = "com.apple.product-type.application";
		};
/* End PBXNativeTarget section */

/* Begin PBXProject section */
		484F677D299458C200A12322 /* Project object */ = {
			isa = PBXProject;
			attributes = {
				BuildIndependentTargetsInParallel = 1;
				LastSwiftUpdateCheck = 1420;
				LastUpgradeCheck = 1420;
				TargetAttributes = {
					484F6784299458C300A12322 = {
						CreatedOnToolsVersion = 14.2;
					};
				};
			};
			buildConfigurationList = 484F6780299458C200A12322 /* Build configuration list for PBXProject "PokeAPI" */;
			compatibilityVersion = "Xcode 14.0";
			developmentRegion = en;
			hasScannedForEncodings = 0;
			knownRegions = (
				en,
				Base,
			);
			mainGroup = 484F677C299458C200A12322;
			productRefGroup = 484F6786299458C300A12322 /* Products */;
			projectDirPath = "";
			projectRoot = "";
			targets = (
				484F6784299458C300A12322 /* PokeAPI */,
			);
		};
/* End PBXProject section */

/* Begin PBXResourcesBuildPhase section */
		484F6783299458C300A12322 /* Resources */ = {
			isa = PBXResourcesBuildPhase;
			buildActionMask = 2147483647;
			files = (
				484F67AD2994650F00A12322 /* Rajdhani-Bold.ttf in Resources */,
				484F6798299458C400A12322 /* LaunchScreen.storyboard in Resources */,
				484F67AC2994650F00A12322 /* Rajdhani-Light.ttf in Resources */,
				484F6795299458C400A12322 /* Assets.xcassets in Resources */,
				484F67AE2994650F00A12322 /* Rajdhani-Medium.ttf in Resources */,
				484F67AB2994650F00A12322 /* Rajdhani-SemiBold.ttf in Resources */,
				484F67AF2994650F00A12322 /* OFL.txt in Resources */,
				484F67AA2994650F00A12322 /* Rajdhani-Regular.ttf in Resources */,
			);
			runOnlyForDeploymentPostprocessing = 0;
		};
/* End PBXResourcesBuildPhase section */

/* Begin PBXSourcesBuildPhase section */
		484F6781299458C300A12322 /* Sources */ = {
			isa = PBXSourcesBuildPhase;
			buildActionMask = 2147483647;
			files = (
				484F678D299458C300A12322 /* ViewController.swift in Sources */,
				484F6793299458C300A12322 /* PokeAPI.xcdatamodeld in Sources */,
				484F6789299458C300A12322 /* AppDelegate.swift in Sources */,
			);
			runOnlyForDeploymentPostprocessing = 0;
		};
/* End PBXSourcesBuildPhase section */

/* Begin PBXVariantGroup section */
		484F6796299458C400A12322 /* LaunchScreen.storyboard */ = {
			isa = PBXVariantGroup;
			children = (
				484F6797299458C400A12322 /* Base */,
			);
			name = LaunchScreen.storyboard;
			sourceTree = "<group>";
		};
/* End PBXVariantGroup section */

/* Begin XCBuildConfiguration section */
		484F679A299458C400A12322 /* Debug */ = {
			isa = XCBuildConfiguration;
			buildSettings = {
				ALWAYS_SEARCH_USER_PATHS = NO;
				CLANG_ANALYZER_NONNULL = YES;
				CLANG_ANALYZER_NUMBER_OBJECT_CONVERSION = YES_AGGRESSIVE;
				CLANG_CXX_LANGUAGE_STANDARD = "gnu++20";
				CLANG_ENABLE_MODULES = YES;
				CLANG_ENABLE_OBJC_ARC = YES;
				CLANG_ENABLE_OBJC_WEAK = YES;
				CLANG_WARN_BLOCK_CAPTURE_AUTORELEASING = YES;
				CLANG_WARN_BOOL_CONVERSION = YES;
				CLANG_WARN_COMMA = YES;
				CLANG_WARN_CONSTANT_CONVERSION = YES;
				CLANG_WARN_DEPRECATED_OBJC_IMPLEMENTATIONS = YES;
				CLANG_WARN_DIRECT_OBJC_ISA_USAGE = YES_ERROR;
				CLANG_WARN_DOCUMENTATION_COMMENTS = YES;
				CLANG_WARN_EMPTY_BODY = YES;
				CLANG_WARN_ENUM_CONVERSION = YES;
				CLANG_WARN_INFINITE_RECURSION = YES;
				CLANG_WARN_INT_CONVERSION = YES;
				CLANG_WARN_NON_LITERAL_NULL_CONVERSION = YES;
				CLANG_WARN_OBJC_IMPLICIT_RETAIN_SELF = YES;
				CLANG_WARN_OBJC_LITERAL_CONVERSION = YES;
				CLANG_WARN_OBJC_ROOT_CLASS = YES_ERROR;
				CLANG_WARN_QUOTED_INCLUDE_IN_FRAMEWORK_HEADER = YES;
				CLANG_WARN_RANGE_LOOP_ANALYSIS = YES;
				CLANG_WARN_STRICT_PROTOTYPES = YES;
				CLANG_WARN_SUSPICIOUS_MOVE = YES;
				CLANG_WARN_UNGUARDED_AVAILABILITY = YES_AGGRESSIVE;
				CLANG_WARN_UNREACHABLE_CODE = YES;
				CLANG_WARN__DUPLICATE_METHOD_MATCH = YES;
				COPY_PHASE_STRIP = NO;
				DEBUG_INFORMATION_FORMAT = dwarf;
				ENABLE_STRICT_OBJC_MSGSEND = YES;
				ENABLE_TESTABILITY = YES;
				GCC_C_LANGUAGE_STANDARD = gnu11;
				GCC_DYNAMIC_NO_PIC = NO;
				GCC_NO_COMMON_BLOCKS = YES;
				GCC_OPTIMIZATION_LEVEL = 0;
				GCC_PREPROCESSOR_DEFINITIONS = (
					"DEBUG=1",
					"$(inherited)",
				);
				GCC_WARN_64_TO_32_BIT_CONVERSION = YES;
				GCC_WARN_ABOUT_RETURN_TYPE = YES_ERROR;
				GCC_WARN_UNDECLARED_SELECTOR = YES;
				GCC_WARN_UNINITIALIZED_AUTOS = YES_AGGRESSIVE;
				GCC_WARN_UNUSED_FUNCTION = YES;
				GCC_WARN_UNUSED_VARIABLE = YES;
				IPHONEOS_DEPLOYMENT_TARGET = 16.2;
				MTL_ENABLE_DEBUG_INFO = INCLUDE_SOURCE;
				MTL_FAST_MATH = YES;
				ONLY_ACTIVE_ARCH = YES;
				SDKROOT = iphoneos;
				SWIFT_ACTIVE_COMPILATION_CONDITIONS = DEBUG;
				SWIFT_OPTIMIZATION_LEVEL = "-Onone";
			};
			name = Debug;
		};
		484F679B299458C400A12322 /* Release */ = {
			isa = XCBuildConfiguration;
			buildSettings = {
				ALWAYS_SEARCH_USER_PATHS = NO;
				CLANG_ANALYZER_NONNULL = YES;
				CLANG_ANALYZER_NUMBER_OBJECT_CONVERSION = YES_AGGRESSIVE;
				CLANG_CXX_LANGUAGE_STANDARD = "gnu++20";
				CLANG_ENABLE_MODULES = YES;
				CLANG_ENABLE_OBJC_ARC = YES;
				CLANG_ENABLE_OBJC_WEAK = YES;
				CLANG_WARN_BLOCK_CAPTURE_AUTORELEASING = YES;
				CLANG_WARN_BOOL_CONVERSION = YES;
				CLANG_WARN_COMMA = YES;
				CLANG_WARN_CONSTANT_CONVERSION = YES;
				CLANG_WARN_DEPRECATED_OBJC_IMPLEMENTATIONS = YES;
				CLANG_WARN_DIRECT_OBJC_ISA_USAGE = YES_ERROR;
				CLANG_WARN_DOCUMENTATION_COMMENTS = YES;
				CLANG_WARN_EMPTY_BODY = YES;
				CLANG_WARN_ENUM_CONVERSION = YES;
				CLANG_WARN_INFINITE_RECURSION = YES;
				CLANG_WARN_INT_CONVERSION = YES;
				CLANG_WARN_NON_LITERAL_NULL_CONVERSION = YES;
				CLANG_WARN_OBJC_IMPLICIT_RETAIN_SELF = YES;
				CLANG_WARN_OBJC_LITERAL_CONVERSION = YES;
				CLANG_WARN_OBJC_ROOT_CLASS = YES_ERROR;
				CLANG_WARN_QUOTED_INCLUDE_IN_FRAMEWORK_HEADER = YES;
				CLANG_WARN_RANGE_LOOP_ANALYSIS = YES;
				CLANG_WARN_STRICT_PROTOTYPES = YES;
				CLANG_WARN_SUSPICIOUS_MOVE = YES;
				CLANG_WARN_UNGUARDED_AVAILABILITY = YES_AGGRESSIVE;
				CLANG_WARN_UNREACHABLE_CODE = YES;
				CLANG_WARN__DUPLICATE_METHOD_MATCH = YES;
				COPY_PHASE_STRIP = NO;
				DEBUG_INFORMATION_FORMAT = "dwarf-with-dsym";
				ENABLE_NS_ASSERTIONS = NO;
				ENABLE_STRICT_OBJC_MSGSEND = YES;
				GCC_C_LANGUAGE_STANDARD = gnu11;
				GCC_NO_COMMON_BLOCKS = YES;
				GCC_WARN_64_TO_32_BIT_CONVERSION = YES;
				GCC_WARN_ABOUT_RETURN_TYPE = YES_ERROR;
				GCC_WARN_UNDECLARED_SELECTOR = YES;
				GCC_WARN_UNINITIALIZED_AUTOS = YES_AGGRESSIVE;
				GCC_WARN_UNUSED_FUNCTION = YES;
				GCC_WARN_UNUSED_VARIABLE = YES;
				IPHONEOS_DEPLOYMENT_TARGET = 16.2;
				MTL_ENABLE_DEBUG_INFO = NO;
				MTL_FAST_MATH = YES;
				SDKROOT = iphoneos;
				SWIFT_COMPILATION_MODE = wholemodule;
				SWIFT_OPTIMIZATION_LEVEL = "-O";
				VALIDATE_PRODUCT = YES;
			};
			name = Release;
		};
		484F679D299458C400A12322 /* Debug */ = {
			isa = XCBuildConfiguration;
			buildSettings = {
				ASSETCATALOG_COMPILER_APPICON_NAME = AppIcon;
				ASSETCATALOG_COMPILER_GLOBAL_ACCENT_COLOR_NAME = AccentColor;
				CODE_SIGN_STYLE = Automatic;
				CURRENT_PROJECT_VERSION = 1;
				DEVELOPMENT_TEAM = 5CV5G78G36;
				GENERATE_INFOPLIST_FILE = YES;
				INFOPLIST_FILE = PokeAPI/Info.plist;
				INFOPLIST_KEY_UIApplicationSupportsIndirectInputEvents = YES;
				INFOPLIST_KEY_UILaunchStoryboardName = LaunchScreen;
				INFOPLIST_KEY_UIMainStoryboardFile = Main;
				INFOPLIST_KEY_UISupportedInterfaceOrientations_iPad = "UIInterfaceOrientationPortrait UIInterfaceOrientationPortraitUpsideDown UIInterfaceOrientationLandscapeLeft UIInterfaceOrientationLandscapeRight";
				INFOPLIST_KEY_UISupportedInterfaceOrientations_iPhone = "UIInterfaceOrientationPortrait UIInterfaceOrientationLandscapeLeft UIInterfaceOrientationLandscapeRight";
				LD_RUNPATH_SEARCH_PATHS = (
					"$(inherited)",
					"@executable_path/Frameworks",
				);
				MARKETING_VERSION = 1.0;
				PRODUCT_BUNDLE_IDENTIFIER = com.morona.PokeAPI;
				PRODUCT_NAME = "$(TARGET_NAME)";
				SWIFT_EMIT_LOC_STRINGS = YES;
				SWIFT_VERSION = 5.0;
				TARGETED_DEVICE_FAMILY = "1,2";
			};
			name = Debug;
		};
		484F679E299458C400A12322 /* Release */ = {
			isa = XCBuildConfiguration;
			buildSettings = {
				ASSETCATALOG_COMPILER_APPICON_NAME = AppIcon;
				ASSETCATALOG_COMPILER_GLOBAL_ACCENT_COLOR_NAME = AccentColor;
				CODE_SIGN_STYLE = Automatic;
				CURRENT_PROJECT_VERSION = 1;
				DEVELOPMENT_TEAM = 5CV5G78G36;
				GENERATE_INFOPLIST_FILE = YES;
				INFOPLIST_FILE = PokeAPI/Info.plist;
				INFOPLIST_KEY_UIApplicationSupportsIndirectInputEvents = YES;
				INFOPLIST_KEY_UILaunchStoryboardName = LaunchScreen;
				INFOPLIST_KEY_UIMainStoryboardFile = Main;
				INFOPLIST_KEY_UISupportedInterfaceOrientations_iPad = "UIInterfaceOrientationPortrait UIInterfaceOrientationPortraitUpsideDown UIInterfaceOrientationLandscapeLeft UIInterfaceOrientationLandscapeRight";
				INFOPLIST_KEY_UISupportedInterfaceOrientations_iPhone = "UIInterfaceOrientationPortrait UIInterfaceOrientationLandscapeLeft UIInterfaceOrientationLandscapeRight";
				LD_RUNPATH_SEARCH_PATHS = (
					"$(inherited)",
					"@executable_path/Frameworks",
				);
				MARKETING_VERSION = 1.0;
				PRODUCT_BUNDLE_IDENTIFIER = com.morona.PokeAPI;
				PRODUCT_NAME = "$(TARGET_NAME)";
				SWIFT_EMIT_LOC_STRINGS = YES;
				SWIFT_VERSION = 5.0;
				TARGETED_DEVICE_FAMILY = "1,2";
			};
			name = Release;
		};
/* End XCBuildConfiguration section */

/* Begin XCConfigurationList section */
		484F6780299458C200A12322 /* Build configuration list for PBXProject "PokeAPI" */ = {
			isa = XCConfigurationList;
			buildConfigurations = (
				484F679A299458C400A12322 /* Debug */,
				484F679B299458C400A12322 /* Release */,
			);
			defaultConfigurationIsVisible = 0;
			defaultConfigurationName = Release;
		};
		484F679C299458C400A12322 /* Build configuration list for PBXNativeTarget "PokeAPI" */ = {
			isa = XCConfigurationList;
			buildConfigurations = (
				484F679D299458C400A12322 /* Debug */,
				484F679E299458C400A12322 /* Release */,
			);
			defaultConfigurationIsVisible = 0;
			defaultConfigurationName = Release;
		};
/* End XCConfigurationList section */

/* Begin XCVersionGroup section */
		484F6791299458C300A12322 /* PokeAPI.xcdatamodeld */ = {
			isa = XCVersionGroup;
			children = (
				484F6792299458C300A12322 /* PokeAPI.xcdatamodel */,
			);
			currentVersion = 484F6792299458C300A12322 /* PokeAPI.xcdatamodel */;
			path = PokeAPI.xcdatamodeld;
			sourceTree = "<group>";
			versionGroupType = wrapper.xcdatamodel;
		};
/* End XCVersionGroup section */
	};
	rootObject = 484F677D299458C200A12322 /* Project object */;
}
